<?xml version="1.0" encoding="UTF-8" standalone="yes" ?>
<CodeBlocks_project_file>
	<FileVersion major="1" minor="6" />
	<Project>
		<Option title="planetX" />
		<Option pch_mode="2" />
		<Option compiler="gcc" />
		<Build>
			<Target title="Debug">
				<Option output="bin/Debug/planetX" prefix_auto="1" extension_auto="1" />
				<Option object_output="obj/Debug/" />
				<Option type="1" />
				<Option compiler="gcc" />
				<Option projectIncludeDirsRelation="2" />
				<Compiler>
					<Add option="-std=c++11" />
					<Add option="-g" />
					<Add directory="dependencies/glut/include" />
					<Add directory="utilities" />
					<Add directory="CGLab13Utils" />
				</Compiler>
				<Linker>
					<Add library="opengl32" />
					<Add library="glu32" />
					<Add library="glut32" />
					<Add library="E:\Documents\MMU Studies\Degree 2nd Year\Second Sem\CG\Assignment\planetX\libjpeg.dll.a" />
					<Add directory="dependencies/glut/lib" />
				</Linker>
			</Target>
			<Target title="Release">
				<Option output="bin/Release/planetX" prefix_auto="1" extension_auto="1" />
				<Option object_output="obj/Release/" />
				<Option type="1" />
				<Option compiler="gcc" />
				<Compiler>
					<Add option="-O2" />
				</Compiler>
				<Linker>
					<Add option="-s" />
				</Linker>
			</Target>
		</Build>
		<Compiler>
			<Add option="-Wall" />
			<Add option="-fexceptions" />
		</Compiler>
		<Unit filename="CGLab13Utils/CGimageloader.cpp" />
		<Unit filename="CGLab13Utils/CGimageloader.hpp" />
		<Unit filename="CGLabmain.cpp" />
		<Unit filename="CGLabmain.hpp" />
		<Unit filename="bezier.cpp" />
		<Unit filename="bezier.hpp" />
		<Unit filename="cubeShaper.cpp" />
		<Unit filename="cubeShaper.hpp" />
		<Unit filename="planetX.cpp" />
		<Unit filename="planetX.hpp" />
		<Unit filename="utilities/Drawable.hpp" />
		<Unit filename="utilities/Extrusion.cpp" />
		<Unit filename="utilities/Extrusion.hpp" />
		<Unit filename="utilities/Lathe.cpp" />
		<Unit filename="utilities/Lathe.hpp" />
		<Unit filename="utilities/Loft.cpp" />
		<Unit filename="utilities/Loft.hpp" />
		<Unit filename="utilities/Mesh.cpp" />
		<Unit filename="utilities/Mesh.hpp" />
		<Unit filename="utilities/ObjReader.cpp" />
		<Unit filename="utilities/ObjReader.hpp" />
		<Unit filename="utilities/Replicate.cpp" />
		<Unit filename="utilities/Replicate.hpp" />
		<Unit filename="utilities/Transformable.cpp" />
		<Unit filename="utilities/Transformable.hpp" />
		<Unit filename="utilities/VecMatMath.cpp" />
		<Unit filename="utilities/VecMatMath.hpp" />
		<Extensions>
			<code_completion />
			<envvars />
			<debugger />
			<lib_finder disable_auto="1" />
		</Extensions>
	</Project>
</CodeBlocks_project_file>
